{
    "version": 3,
    "terraform_version": "0.8.4",
    "serial": 16,
    "lineage": "5fa32eca-a474-4590-9956-779be1476ce1",
    "modules": [
        {
            "path": [
                "root"
            ],
            "outputs": {
                "ip": {
                    "sensitive": false,
                    "type": "string",
                    "value": "35.163.191.54"
                },
                "mobydock_sg": {
                    "sensitive": false,
                    "type": "string",
                    "value": "sg-019e3f79"
                },
                "myIP": {
                    "sensitive": false,
                    "type": "string",
                    "value": "99.13.95.13/32"
                }
            },
            "resources": {
                "aws_instance.mobydock": {
                    "type": "aws_instance",
                    "depends_on": [
                        "aws_security_group.mobydock_sg",
                        "data.aws_ami.base_ami"
                    ],
                    "primary": {
                        "id": "i-0aa08813e79bd0177",
                        "attributes": {
                            "ami": "ami-c96dd0a9",
                            "associate_public_ip_address": "true",
                            "availability_zone": "us-west-2a",
                            "disable_api_termination": "false",
                            "ebs_block_device.#": "0",
                            "ebs_optimized": "false",
                            "ephemeral_block_device.#": "0",
                            "iam_instance_profile": "",
                            "id": "i-0aa08813e79bd0177",
                            "instance_state": "running",
                            "instance_type": "t2.micro",
                            "key_name": "",
                            "monitoring": "false",
                            "network_interface_id": "eni-740ff004",
                            "private_dns": "ip-172-31-24-249.us-west-2.compute.internal",
                            "private_ip": "172.31.24.249",
                            "public_dns": "ec2-35-163-191-54.us-west-2.compute.amazonaws.com",
                            "public_ip": "35.163.191.54",
                            "root_block_device.#": "1",
                            "root_block_device.0.delete_on_termination": "true",
                            "root_block_device.0.iops": "100",
                            "root_block_device.0.volume_size": "8",
                            "root_block_device.0.volume_type": "gp2",
                            "security_groups.#": "0",
                            "source_dest_check": "true",
                            "subnet_id": "subnet-f4944993",
                            "tags.%": "1",
                            "tags.Name": "MobyDock-example",
                            "tenancy": "default",
                            "vpc_security_group_ids.#": "1",
                            "vpc_security_group_ids.3564790977": "sg-019e3f79"
                        },
                        "meta": {
                            "schema_version": "1"
                        },
                        "tainted": false
                    },
                    "deposed": [],
                    "provider": ""
                },
                "aws_key_pair.builder": {
                    "type": "aws_key_pair",
                    "depends_on": [],
                    "primary": {
                        "id": "terraform-003e5ebcd04333a614fd785361",
                        "attributes": {
                            "id": "terraform-003e5ebcd04333a614fd785361",
                            "key_name": "terraform-003e5ebcd04333a614fd785361",
                            "public_key": "ssh-rsa AAAAB3NzaC1yc2EAAAADAQABAAACAQDLr0uzSR+Gi8ZWtVLut7LCjUNBA35FvSLbS/ufN3A87/Iq1z2W7VJUXMQQQj+ShsJygrRfaFy/f7166YHtzPl2Vwsi6O/4kjrtjq3vcybc4Rk5K/nfzGl8FRi+xPqjrDBqsKt4ntXLZsKqLSu18RXDWBvAYGnAAGvdjgwA+4VAhXJYYBhs5Ci38HKBhfweau9giIBF9OT6jzRWBMDE9frwOFCw47jMCTQsxG/yUsieLlcGBf1JRF9HZOG5FKpKY9FDcum0OnVHsTG6y0Hf/xnpraWtdS/xlujeWFVHInDFJwhML0NPCt2zOaWBrETnWcf3P2XHVlualOqnjI+5Ubyc/BMflLKDh8PsRarl211w+JxKCR3N/sf5EVt0hvpl4hWOVFou1+mj7AQ05ZZkMPqTk3FCpyI+yT1zpFWBMt/H3qR9/qkz+XwD4KLCi5aIfHiFmNmwOfT2JaMu9Cl3rlx7+1n53SkiKWujhSJOic9JS308B5IZNL7t7HmIqo6lVm6r7LMf+cIe7tmCFxEBKgxW9LbLiWonf9J9tRgIrruyAqoSRn8c13FeI9b2OLC/Dkd8QJx+ekYlQ2ZMzMMqAYPfnqAOjgUdIYsxhH4v1JayD18F2PFo50lCQs+9XBQWdE5TY5MHNSUpuWSf6rTpFAofbvkmPn9xhMfACoO9JcfSmQ== Keys for Building Stuff"
                        },
                        "meta": {
                            "schema_version": "1"
                        },
                        "tainted": false
                    },
                    "deposed": [],
                    "provider": ""
                },
                "aws_key_pair.sysadmin": {
                    "type": "aws_key_pair",
                    "depends_on": [],
                    "primary": {
                        "id": "terraform-003e5ebcd04333a614fd785360",
                        "attributes": {
                            "id": "terraform-003e5ebcd04333a614fd785360",
                            "key_name": "terraform-003e5ebcd04333a614fd785360",
                            "public_key": "ssh-rsa AAAAB3NzaC1yc2EAAAADAQABAAACAQDvwbcX9lmkNdaVjlobPmABybWRmpClYguHL696oG4z6c8GQraGRFXImKGCgQ9J9TmOOlMhrqi5XN07Ecy8anUe4AkriC0R8ZIIg9xN0oE3M9AHIdp8UWYHuZaj30OzE99e0PFauWMfcY267deKun/1hUEITkQHlTupmtoOZUPbQBpuuhHDV1VB1hj6UQYq1oOvnf9uAAZUQelRLBxvo3cDNHufPSstmBfowaqkk/sSjixMjq+LDW59UR+EuDdip79XoBbFhudiIFaKQdpe6175jtwbLaVGhs043bWg9D13Uh85zK5+n3xUuq/6dKEgIdrUiXRc5J4rBZPRZGcgFs9+uZE/m6WWg4NvBxO0ZzoXs/6NnhMtjAxTvXwiMJfw9ZZmphLX1m3UpdVRr9NA2ztxH6fYFzuhFbqXlMT3C/SHfMVKS0Ny+/cbAwANXei7oiqDAOd123KbC0LCyTKoYpiy82FEcYe6TN0SEXn5bCXC2wXdWdr4CRFVLPF05H74h/PJrvTf8wMCdYEd6+cvFV5fAc53UMtIW3P6OE9OK48x5NVsXUlzse6Cjx94yNaudrng5PSLXeLGz4/gcrlBV2oE0wrMaxNeN1xVIOWi5qgkKA4zHZVaOn38KjOCEBD9TLXvYhWNxzEcLsBiBSQ5GUvLQohcd3eNscmyrTXcwDA3vw== taylorsmithgg@gmail.com"
                        },
                        "meta": {
                            "schema_version": "1"
                        },
                        "tainted": false
                    },
                    "deposed": [],
                    "provider": ""
                },
                "aws_security_group.mobydock_sg": {
                    "type": "aws_security_group",
                    "depends_on": [],
                    "primary": {
                        "id": "sg-019e3f79",
                        "attributes": {
                            "description": "Managed by Terraform",
                            "egress.#": "1",
                            "egress.482069346.cidr_blocks.#": "1",
                            "egress.482069346.cidr_blocks.0": "0.0.0.0/0",
                            "egress.482069346.from_port": "0",
                            "egress.482069346.prefix_list_ids.#": "0",
                            "egress.482069346.protocol": "-1",
                            "egress.482069346.security_groups.#": "0",
                            "egress.482069346.self": "false",
                            "egress.482069346.to_port": "0",
                            "id": "sg-019e3f79",
                            "ingress.#": "3",
                            "ingress.2214680975.cidr_blocks.#": "1",
                            "ingress.2214680975.cidr_blocks.0": "0.0.0.0/0",
                            "ingress.2214680975.from_port": "80",
                            "ingress.2214680975.protocol": "tcp",
                            "ingress.2214680975.security_groups.#": "0",
                            "ingress.2214680975.self": "false",
                            "ingress.2214680975.to_port": "80",
                            "ingress.2460777849.cidr_blocks.#": "1",
                            "ingress.2460777849.cidr_blocks.0": "99.13.95.13/32",
                            "ingress.2460777849.from_port": "22",
                            "ingress.2460777849.protocol": "tcp",
                            "ingress.2460777849.security_groups.#": "0",
                            "ingress.2460777849.self": "false",
                            "ingress.2460777849.to_port": "22",
                            "ingress.2617001939.cidr_blocks.#": "1",
                            "ingress.2617001939.cidr_blocks.0": "0.0.0.0/0",
                            "ingress.2617001939.from_port": "443",
                            "ingress.2617001939.protocol": "tcp",
                            "ingress.2617001939.security_groups.#": "0",
                            "ingress.2617001939.self": "false",
                            "ingress.2617001939.to_port": "443",
                            "name": "MobyDock-example",
                            "owner_id": "378220085327",
                            "tags.%": "0",
                            "vpc_id": "vpc-3f922d58"
                        },
                        "meta": {},
                        "tainted": false
                    },
                    "deposed": [],
                    "provider": ""
                },
                "data.aws_ami.base_ami": {
                    "type": "aws_ami",
                    "depends_on": [],
                    "primary": {
                        "id": "ami-c96dd0a9",
                        "attributes": {
                            "architecture": "x86_64",
                            "block_device_mappings.#": "1",
                            "block_device_mappings.340275815.device_name": "/dev/xvda",
                            "block_device_mappings.340275815.ebs.%": "6",
                            "block_device_mappings.340275815.ebs.delete_on_termination": "true",
                            "block_device_mappings.340275815.ebs.encrypted": "false",
                            "block_device_mappings.340275815.ebs.iops": "0",
                            "block_device_mappings.340275815.ebs.snapshot_id": "snap-001b6cc6c3c250779",
                            "block_device_mappings.340275815.ebs.volume_size": "8",
                            "block_device_mappings.340275815.ebs.volume_type": "gp2",
                            "block_device_mappings.340275815.no_device": "",
                            "block_device_mappings.340275815.virtual_name": "",
                            "creation_date": "2017-01-14T08:30:09.000Z",
                            "description": "GOLDEN_IMAGE",
                            "filter.#": "5",
                            "filter.1297260861.name": "image-type",
                            "filter.1297260861.values.#": "1",
                            "filter.1297260861.values.0": "machine",
                            "filter.1353251163.name": "state",
                            "filter.1353251163.values.#": "1",
                            "filter.1353251163.values.0": "available",
                            "filter.3329224885.name": "name",
                            "filter.3329224885.values.#": "1",
                            "filter.3329224885.values.0": "base",
                            "filter.3386043752.name": "architecture",
                            "filter.3386043752.values.#": "1",
                            "filter.3386043752.values.0": "x86_64",
                            "filter.4017794900.name": "description",
                            "filter.4017794900.values.#": "1",
                            "filter.4017794900.values.0": "GOLDEN_IMAGE",
                            "hypervisor": "xen",
                            "id": "ami-c96dd0a9",
                            "image_id": "ami-c96dd0a9",
                            "image_location": "378220085327/base",
                            "image_type": "machine",
                            "most_recent": "true",
                            "name": "base",
                            "owner_id": "378220085327",
                            "owners.#": "1",
                            "owners.0": "self",
                            "product_codes.#": "0",
                            "public": "false",
                            "root_device_name": "/dev/xvda",
                            "root_device_type": "ebs",
                            "sriov_net_support": "simple",
                            "state": "available",
                            "state_reason.%": "2",
                            "state_reason.code": "UNSET",
                            "state_reason.message": "UNSET",
                            "tags.#": "9",
                            "tags.1042722233.key": "type",
                            "tags.1042722233.value": "os",
                            "tags.1782164375.key": "Name",
                            "tags.1782164375.value": "base",
                            "tags.3298407948.key": "rel",
                            "tags.3298407948.value": "ga",
                            "tags.3405975760.key": "Platform",
                            "tags.3405975760.value": "Debian",
                            "tags.381555015.key": "cname",
                            "tags.381555015.value": "jessie",
                            "tags.3877356409.key": "tech",
                            "tags.3877356409.value": "taysmith",
                            "tags.4179895122.key": "vers",
                            "tags.4179895122.value": "8.6",
                            "tags.496201452.key": "os",
                            "tags.496201452.value": "debian",
                            "tags.73967869.key": "env",
                            "tags.73967869.value": "dev",
                            "virtualization_type": "hvm"
                        },
                        "meta": {},
                        "tainted": false
                    },
                    "deposed": [],
                    "provider": ""
                }
            },
            "depends_on": []
        }
    ]
}
